// !$*UTF8*$!
{
	archiveVersion = 1;
	classes = {
	};
	objectVersion = 77;
	objects = {

/* Begin PBXBuildFile section */
		29E71A77303FAD9B00E428D3 /* .gitignore in Resources */ = {isa = PBXBuildFile; fileRef = 29E71A76303FAD9B00E428D3 /* .gitignore */; };
/* End PBXBuildFile section */

/* Begin PBXContainerItemProxy section */
		29240CA530324ECA001BDBCE /* PBXContainerItemProxy */ = {
			isa = PBXContainerItemProxy;
			containerPortal = 29240C8D30324EC8001BDBCE /* Project object */;
			proxyType = 1;
			remoteGlobalIDString = 29240C9430324EC8001BDBCE;
			remoteInfo = TimeOnTask;
		};
		29240CAF30324ECA001BDBCE /* PBXContainerItemProxy */ = {
			isa = PBXContainerItemProxy;
			containerPortal = 29240C8D30324EC8001BDBCE /* Project object */;
			proxyType = 1;
			remoteGlobalIDString = 29240C9430324EC8001BDBCE;
			remoteInfo = TimeOnTask;
		};
/* End PBXContainerItemProxy section */

/* Begin PBXFileReference section */
		29240C9530324EC8001BDBCE /* TimeOnTask.app */ = {isa = PBXFileReference; explicitFileType = wrapper.application; includeInIndex = 0; path = TimeOnTask.app; sourceTree = BUILT_PRODUCTS_DIR; };
		29240CA430324ECA001BDBCE /* TimeOnTaskTests.xctest */ = {isa = PBXFileReference; explicitFileType = wrapper.cfbundle; includeInIndex = 0; path = TimeOnTaskTests.xctest; sourceTree = BUILT_PRODUCTS_DIR; };
		29240CAE30324ECA001BDBCE /* TimeOnTaskUITests.xctest */ = {isa = PBXFileReference; explicitFileType = wrapper.cfbundle; includeInIndex = 0; path = TimeOnTaskUITests.xctest; sourceTree = BUILT_PRODUCTS_DIR; };
		29E71A76303FAD9B00E428D3 /* .gitignore */ = {isa = PBXFileReference; lastKnownFileType = text; path = .gitignore; sourceTree = "<group>"; };
/* End PBXFileReference section */

/* Begin PBXFileSystemSynchronizedRootGroup section */
		29240C9730324EC8001BDBCE /* TimeOnTask */ = {
			isa = PBXFileSystemSynchronizedRootGroup;
			path = TimeOnTask;
			sourceTree = "<group>";
		};
		29240CA730324ECA001BDBCE /* TimeOnTaskTests */ = {
			isa = PBXFileSystemSynchronizedRootGroup;
			path = TimeOnTaskTests;
			sourceTree = "<group>";
		};
		29240CB130324ECA001BDBCE /* TimeOnTaskUITests */ = {
			isa = PBXFileSystemSynchronizedRootGroup;
			path = TimeOnTaskUITests;
			sourceTree = "<group>";
		};
/* End PBXFileSystemSynchronizedRootGroup section */

/* Begin PBXFrameworksBuildPhase section */
		29240C9230324EC8001BDBCE /* Frameworks */ = {
			isa = PBXFrameworksBuildPhase;
			buildActionMask = 2147483647;
			files = (
			);
			runOnlyForDeploymentPostprocessing = 0;
		};
		29240CA130324ECA001BDBCE /* Frameworks */ = {
			isa = PBXFrameworksBuildPhase;
			buildActionMask = 2147483647;
			files = (
			);
			runOnlyForDeploymentPostprocessing = 0;
		};
		29240CAB30324ECA001BDBCE /* Frameworks */ = {
			isa = PBXFrameworksBuildPhase;
			buildActionMask = 2147483647;
			files = (
			);
			runOnlyForDeploymentPostprocessing = 0;
		};
/* End PBXFrameworksBuildPhase section */

/* Begin PBXGroup section */
		29240C8C30324EC8001BDBCE = {
			isa = PBXGroup;
			children = (
				29240C9730324EC8001BDBCE /* TimeOnTask */,
				29240CA730324ECA001BDBCE /* TimeOnTaskTests */,
				29240CB130324ECA001BDBCE /* TimeOnTaskUITests */,
				29240C9630324EC8001BDBCE /* Products */,
				29E71A76303FAD9B00E428D3 /* .gitignore */,
			);
			sourceTree = "<group>";
		};
		29240C9630324EC8001BDBCE /* Products */ = {
			isa = PBXGroup;
			children = (
				29240C9530324EC8001BDBCE /* TimeOnTask.app */,
				29240CA430324ECA001BDBCE /* TimeOnTaskTests.xctest */,
				29240CAE30324ECA001BDBCE /* TimeOnTaskUITests.xctest */,
			);
			name = Products;
			sourceTree = "<group>";
		};
/* End PBXGroup section */

/* Begin PBXNativeTarget section */
		29240C9430324EC8001BDBCE /* TimeOnTask */ = {
			isa = PBXNativeTarget;
			buildConfigurationList = 29240CB830324ECA001BDBCE /* Build configuration list for PBXNativeTarget "TimeOnTask" */;
			buildPhases = (
				29240C9130324EC8001BDBCE /* Sources */,
				29240C9230324EC8001BDBCE /* Frameworks */,
				29240C9330324EC8001BDBCE /* Resources */,
			);
			buildRules = (
			);
			dependencies = (
			);
			fileSystemSynchronizedGroups = (
				29240C9730324EC8001BDBCE /* TimeOnTask */,
			);
			name = TimeOnTask;
			packageProductDependencies = (
			);
			productName = TimeOnTask;
			productReference = 29240C9530324EC8001BDBCE /* TimeOnTask.app */;
			productType = "com.apple.product-type.application";
		};
		29240CA330324ECA001BDBCE /* TimeOnTaskTests */ = {
			isa = PBXNativeTarget;
			buildConfigurationList = 29240CBB30324ECA001BDBCE /* Build configuration list for PBXNativeTarget "TimeOnTaskTests" */;
			buildPhases = (
				29240CA030324ECA001BDBCE /* Sources */,
				29240CA130324ECA001BDBCE /* Frameworks */,
				29240CA230324ECA001BDBCE /* Resources */,
			);
			buildRules = (
			);
			dependencies = (
				29240CA630324ECA001BDBCE /* PBXTargetDependency */,
			);
			fileSystemSynchronizedGroups = (
				29240CA730324ECA001BDBCE /* TimeOnTaskTests */,
			);
			name = TimeOnTaskTests;
			packageProductDependencies = (
			);
			productName = TimeOnTaskTests;
			productReference = 29240CA430324ECA001BDBCE /* TimeOnTaskTests.xctest */;
			productType = "com.apple.product-type.bundle.unit-test";
		};
		29240CAD30324ECA001BDBCE /* TimeOnTaskUITests */ = {
			isa = PBXNativeTarget;
			buildConfigurationList = 29240CBE30324ECA001BDBCE /* Build configuration list for PBXNativeTarget "TimeOnTaskUITests" */;
			buildPhases = (
				29240CAA30324ECA001BDBCE /* Sources */,
				29240CAB30324ECA001BDBCE /* Frameworks */,
				29240CAC30324ECA001BDBCE /* Resources */,
			);
			buildRules = (
			);
			dependencies = (
				29240CB030324ECA001BDBCE /* PBXTargetDependency */,
			);
			fileSystemSynchronizedGroups = (
				29240CB130324ECA001BDBCE /* TimeOnTaskUITests */,
			);
			name = TimeOnTaskUITests;
			packageProductDependencies = (
			);
			productName = TimeOnTaskUITests;
			productReference = 29240CAE30324ECA001BDBCE /* TimeOnTaskUITests.xctest */;
			productType = "com.apple.product-type.bundle.ui-testing";
		};
/* End PBXNativeTarget section */

/* Begin PBXProject section */
		29240C8D30324EC8001BDBCE /* Project object */ = {
			isa = PBXProject;
			attributes = {
				BuildIndependentTargetsInParallel = 1;
				LastSwiftUpdateCheck = 2660;
				LastUpgradeCheck = 2660;
				TargetAttributes = {
					29240C9430324EC8001BDBCE = {
						CreatedOnToolsVersion = 26.6;
					};
					29240CA330324ECA001BDBCE = {
						CreatedOnToolsVersion = 26.6;
						TestTargetID = 29240C9430324EC8001BDBCE;
					};
					29240CAD30324ECA001BDBCE = {
						CreatedOnToolsVersion = 26.6;
						TestTargetID = 29240C9430324EC8001BDBCE;
					};
				};
			};
			buildConfigurationList = 29240C9030324EC8001BDBCE /* Build configuration list for PBXProject "TimeOnTask" */;
			developmentRegion = en;
			hasScannedForEncodings = 0;
			knownRegions = (
				en,
				Base,
			);
			mainGroup = 29240C8C30324EC8001BDBCE;
			minimizedProjectReferenceProxies = 1;
			preferredProjectObjectVersion = 77;
			productRefGroup = 29240C9630324EC8001BDBCE /* Products */;
			projectDirPath = "";
			projectRoot = "";
			targets = (
				29240C9430324EC8001BDBCE /* TimeOnTask */,
				29240CA330324ECA001BDBCE /* TimeOnTaskTests */,
				29240CAD30324ECA001BDBCE /* TimeOnTaskUITests */,
			);
		};
/* End PBXProject section */

/* Begin PBXResourcesBuildPhase section */
		29240C9330324EC8001BDBCE /* Resources */ = {
			isa = PBXResourcesBuildPhase;
			buildActionMask = 2147483647;
			files = (
				29E71A77303FAD9B00E428D3 /* .gitignore in Resources */,
			);
			runOnlyForDeploymentPostprocessing = 0;
		};
		29240CA230324ECA001BDBCE /* Resources */ = {
			isa = PBXResourcesBuildPhase;
			buildActionMask = 2147483647;
			files = (
			);
			runOnlyForDeploymentPostprocessing = 0;
		};
		29240CAC30324ECA001BDBCE /* Resources */ = {
			isa = PBXResourcesBuildPhase;
			buildActionMask = 2147483647;
			files = (
			);
			runOnlyForDeploymentPostprocessing = 0;
		};
/* End PBXResourcesBuildPhase section */

/* Begin PBXSourcesBuildPhase section */
		29240C9130324EC8001BDBCE /* Sources */ = {
			isa = PBXSourcesBuildPhase;
			buildActionMask = 2147483647;
			files = (
			);
			runOnlyForDeploymentPostprocessing = 0;
		};
		29240CA030324ECA001BDBCE /* Sources */ = {
			isa = PBXSourcesBuildPhase;
			buildActionMask = 2147483647;
			files = (
			);
			runOnlyForDeploymentPostprocessing = 0;
		};
		29240CAA30324ECA001BDBCE /* Sources */ = {
			isa = PBXSourcesBuildPhase;
			buildActionMask = 2147483647;
			files = (
			);
			runOnlyForDeploymentPostprocessing = 0;
		};
/* End PBXSourcesBuildPhase section */

/* Begin PBXTargetDependency section */
		29240CA630324ECA001BDBCE /* PBXTargetDependency */ = {
			isa = PBXTargetDependency;
			target = 29240C9430324EC8001BDBCE /* TimeOnTask */;
			targetProxy = 29240CA530324ECA001BDBCE /* PBXContainerItemProxy */;
		};
		29240CB030324ECA001BDBCE /* PBXTargetDependency */ = {
			isa = PBXTargetDependency;
			target = 29240C9430324EC8001BDBCE /* TimeOnTask */;
			targetProxy = 29240CAF30324ECA001BDBCE /* PBXContainerItemProxy */;
		};
/* End PBXTargetDependency section */

/* Begin XCBuildConfiguration section */
		29240CB630324ECA001BDBCE /* Debug */ = {
			isa = XCBuildConfiguration;
			buildSettings = {
				ALWAYS_SEARCH_USER_PATHS = NO;
				ASSETCATALOG_COMPILER_GENERATE_SWIFT_ASSET_SYMBOL_EXTENSIONS = YES;
				CLANG_ANALYZER_NONNULL = YES;
				CLANG_ANALYZER_NUMBER_OBJECT_CONVERSION = YES_AGGRESSIVE;
				CLANG_CXX_LANGUAGE_STANDARD = "gnu++20";
				CLANG_ENABLE_MODULES = YES;
				CLANG_ENABLE_OBJC_ARC = YES;
				CLANG_ENABLE_OBJC_WEAK = YES;
				CLANG_WARN_BLOCK_CAPTURE_AUTORELEASING = YES;
				CLANG_WARN_BOOL_CONVERSION = YES;
				CLANG_WARN_COMMA = YES;
				CLANG_WARN_CONSTANT_CONVERSION = YES;
				CLANG_WARN_DEPRECATED_OBJC_IMPLEMENTATIONS = YES;
				CLANG_WARN_DIRECT_OBJC_ISA_USAGE = YES_ERROR;
				CLANG_WARN_DOCUMENTATION_COMMENTS = YES;
				CLANG_WARN_EMPTY_BODY = YES;
				CLANG_WARN_ENUM_CONVERSION = YES;
				CLANG_WARN_INFINITE_RECURSION = YES;
				CLANG_WARN_INT_CONVERSION = YES;
				CLANG_WARN_NON_LITERAL_NULL_CONVERSION = YES;
				CLANG_WARN_OBJC_IMPLICIT_RETAIN_SELF = YES;
				CLANG_WARN_OBJC_LITERAL_CONVERSION = YES;
				CLANG_WARN_OBJC_ROOT_CLASS = YES_ERROR;
				CLANG_WARN_QUOTED_INCLUDE_IN_FRAMEWORK_HEADER = YES;
				CLANG_WARN_RANGE_LOOP_ANALYSIS = YES;
				CLANG_WARN_STRICT_PROTOTYPES = YES;
				CLANG_WARN_SUSPICIOUS_MOVE = YES;
				CLANG_WARN_UNGUARDED_AVAILABILITY = YES_AGGRESSIVE;
				CLANG_WARN_UNREACHABLE_CODE = YES;
				CLANG_WARN__DUPLICATE_METHOD_MATCH = YES;
				COPY_PHASE_STRIP = NO;
				DEBUG_INFORMATION_FORMAT = dwarf;
				DEVELOPMENT_TEAM = CM675CHYNF;
				ENABLE_STRICT_OBJC_MSGSEND = YES;
				ENABLE_TESTABILITY = YES;
				ENABLE_USER_SCRIPT_SANDBOXING = YES;
				GCC_C_LANGUAGE_STANDARD = gnu17;
				GCC_DYNAMIC_NO_PIC = NO;
				GCC_NO_COMMON_BLOCKS = YES;
				GCC_OPTIMIZATION_LEVEL = 0;
				GCC_PREPROCESSOR_DEFINITIONS = (
					"DEBUG=1",
					"$(inherited)",
				);
				GCC_WARN_64_TO_32_BIT_CONVERSION = YES;
				GCC_WARN_ABOUT_RETURN_TYPE = YES_ERROR;
				GCC_WARN_UNDECLARED_SELECTOR = YES;
				GCC_WARN_UNINITIALIZED_AUTOS = YES_AGGRESSIVE;
				GCC_WARN_UNUSED_FUNCTION = YES;
				GCC_WARN_UNUSED_VARIABLE = YES;
				LOCALIZATION_PREFERS_STRING_CATALOGS = YES;
				MACOSX_DEPLOYMENT_TARGET = 26.5;
				MTL_ENABLE_DEBUG_INFO = INCLUDE_SOURCE;
				MTL_FAST_MATH = YES;
				ONLY_ACTIVE_ARCH = YES;
				SDKROOT = macosx;
				SWIFT_ACTIVE_COMPILATION_CONDITIONS = "DEBUG $(inherited)";
				SWIFT_OPTIMIZATION_LEVEL = "-Onone";
			};
			name = Debug;
		};
		29240CB730324ECA001BDBCE /* Release */ = {
			isa = XCBuildConfiguration;
			buildSettings = {
				ALWAYS_SEARCH_USER_PATHS = NO;
				ASSETCATALOG_COMPILER_GENERATE_SWIFT_ASSET_SYMBOL_EXTENSIONS = YES;
				CLANG_ANALYZER_NONNULL = YES;
				CLANG_ANALYZER_NUMBER_OBJECT_CONVERSION = YES_AGGRESSIVE;
				CLANG_CXX_LANGUAGE_STANDARD = "gnu++20";
				CLANG_ENABLE_MODULES = YES;
				CLANG_ENABLE_OBJC_ARC = YES;
				CLANG_ENABLE_OBJC_WEAK = YES;
				CLANG_WARN_BLOCK_CAPTURE_AUTORELEASING = YES;
				CLANG_WARN_BOOL_CONVERSION = YES;
				CLANG_WARN_COMMA = YES;
				CLANG_WARN_CONSTANT_CONVERSION = YES;
				CLANG_WARN_DEPRECATED_OBJC_IMPLEMENTATIONS = YES;
				CLANG_WARN_DIRECT_OBJC_ISA_USAGE = YES_ERROR;
				CLANG_WARN_DOCUMENTATION_COMMENTS = YES;
				CLANG_WARN_EMPTY_BODY = YES;
				CLANG_WARN_ENUM_CONVERSION = YES;
				CLANG_WARN_INFINITE_RECURSION = YES;
				CLANG_WARN_INT_CONVERSION = YES;
				CLANG_WARN_NON_LITERAL_NULL_CONVERSION = YES;
				CLANG_WARN_OBJC_IMPLICIT_RETAIN_SELF = YES;
				CLANG_WARN_OBJC_LITERAL_CONVERSION = YES;
				CLANG_WARN_OBJC_ROOT_CLASS = YES_ERROR;
				CLANG_WARN_QUOTED_INCLUDE_IN_FRAMEWORK_HEADER = YES;
				CLANG_WARN_RANGE_LOOP_ANALYSIS = YES;
				CLANG_WARN_STRICT_PROTOTYPES = YES;
				CLANG_WARN_SUSPICIOUS_MOVE = YES;
				CLANG_WARN_UNGUARDED_AVAILABILITY = YES_AGGRESSIVE;
				CLANG_WARN_UNREACHABLE_CODE = YES;
				CLANG_WARN__DUPLICATE_METHOD_MATCH = YES;
				COPY_PHASE_STRIP = NO;
				DEBUG_INFORMATION_FORMAT = "dwarf-with-dsym";
				DEVELOPMENT_TEAM = CM675CHYNF;
				ENABLE_NS_ASSERTIONS = NO;
				ENABLE_STRICT_OBJC_MSGSEND = YES;
				ENABLE_USER_SCRIPT_SANDBOXING = YES;
				GCC_C_LANGUAGE_STANDARD = gnu17;
				GCC_NO_COMMON_BLOCKS = YES;
				GCC_WARN_64_TO_32_BIT_CONVERSION = YES;
				GCC_WARN_ABOUT_RETURN_TYPE = YES_ERROR;
				GCC_WARN_UNDECLARED_SELECTOR = YES;
				GCC_WARN_UNINITIALIZED_AUTOS = YES_AGGRESSIVE;
				GCC_WARN_UNUSED_FUNCTION = YES;
				GCC_WARN_UNUSED_VARIABLE = YES;
				LOCALIZATION_PREFERS_STRING_CATALOGS = YES;
				MACOSX_DEPLOYMENT_TARGET = 26.5;
				MTL_ENABLE_DEBUG_INFO = NO;
				MTL_FAST_MATH = YES;
				SDKROOT = macosx;
				SWIFT_COMPILATION_MODE = wholemodule;
			};
			name = Release;
		};
		29240CB930324ECA001BDBCE /* Debug */ = {
			isa = XCBuildConfiguration;
			buildSettings = {
				ASSETCATALOG_COMPILER_APPICON_NAME = AppIcon;
				ASSETCATALOG_COMPILER_GLOBAL_ACCENT_COLOR_NAME = AccentColor;
				CODE_SIGN_STYLE = Automatic;
				COMBINE_HIDPI_IMAGES = YES;
				CURRENT_PROJECT_VERSION = 1;
				DEVELOPMENT_TEAM = CM675CHYNF;
				ENABLE_APP_SANDBOX = YES;
				ENABLE_HARDENED_RUNTIME = YES;
				ENABLE_PREVIEWS = YES;
				ENABLE_USER_SELECTED_FILES = readonly;
				GENERATE_INFOPLIST_FILE = YES;
				INFOPLIST_KEY_NSHumanReadableCopyright = "";
				LD_RUNPATH_SEARCH_PATHS = (
					"$(inherited)",
					"@executable_path/../Frameworks",
				);
				MARKETING_VERSION = 1.0;
				PRODUCT_BUNDLE_IDENTIFIER = pottsProjects.TimeOnTask;
				PRODUCT_NAME = "$(TARGET_NAME)";
				REGISTER_APP_GROUPS = YES;
				STRING_CATALOG_GENERATE_SYMBOLS = YES;
				SWIFT_APPROACHABLE_CONCURRENCY = YES;
				SWIFT_DEFAULT_ACTOR_ISOLATION = MainActor;
				SWIFT_EMIT_LOC_STRINGS = YES;
				SWIFT_UPCOMING_FEATURE_MEMBER_IMPORT_VISIBILITY = YES;
				SWIFT_VERSION = 5.0;
			};
			name = Debug;
		};
		29240CBA30324ECA001BDBCE /* Release */ = {
			isa = XCBuildConfiguration;
			buildSettings = {
				ASSETCATALOG_COMPILER_APPICON_NAME = AppIcon;
				ASSETCATALOG_COMPILER_GLOBAL_ACCENT_COLOR_NAME = AccentColor;
				CODE_SIGN_STYLE = Automatic;
				COMBINE_HIDPI_IMAGES = YES;
				CURRENT_PROJECT_VERSION = 1;
				DEVELOPMENT_TEAM = CM675CHYNF;
				ENABLE_APP_SANDBOX = YES;
				ENABLE_HARDENED_RUNTIME = YES;
				ENABLE_PREVIEWS = YES;
				ENABLE_USER_SELECTED_FILES = readonly;
				GENERATE_INFOPLIST_FILE = YES;
				INFOPLIST_KEY_NSHumanReadableCopyright = "";
				LD_RUNPATH_SEARCH_PATHS = (
					"$(inherited)",
					"@executable_path/../Frameworks",
				);
				MARKETING_VERSION = 1.0;
				PRODUCT_BUNDLE_IDENTIFIER = pottsProjects.TimeOnTask;
				PRODUCT_NAME = "$(TARGET_NAME)";
				REGISTER_APP_GROUPS = YES;
				STRING_CATALOG_GENERATE_SYMBOLS = YES;
				SWIFT_APPROACHABLE_CONCURRENCY = YES;
				SWIFT_DEFAULT_ACTOR_ISOLATION = MainActor;
				SWIFT_EMIT_LOC_STRINGS = YES;
				SWIFT_UPCOMING_FEATURE_MEMBER_IMPORT_VISIBILITY = YES;
				SWIFT_VERSION = 5.0;
			};
			name = Release;
		};
		29240CBC30324ECA001BDBCE /* Debug */ = {
			isa = XCBuildConfiguration;
			buildSettings = {
				BUNDLE_LOADER = "$(TEST_HOST)";
				CODE_SIGN_STYLE = Automatic;
				CURRENT_PROJECT_VERSION = 1;
				DEVELOPMENT_TEAM = CM675CHYNF;
				GENERATE_INFOPLIST_FILE = YES;
				MACOSX_DEPLOYMENT_TARGET = 26.5;
				MARKETING_VERSION = 1.0;
				PRODUCT_BUNDLE_IDENTIFIER = pottsProjects.TimeOnTaskTests;
				PRODUCT_NAME = "$(TARGET_NAME)";
				STRING_CATALOG_GENERATE_SYMBOLS = NO;
				SWIFT_APPROACHABLE_CONCURRENCY = YES;
				SWIFT_EMIT_LOC_STRINGS = NO;
				SWIFT_UPCOMING_FEATURE_MEMBER_IMPORT_VISIBILITY = YES;
				SWIFT_VERSION = 5.0;
				TEST_HOST = "$(BUILT_PRODUCTS_DIR)/TimeOnTask.app/$(BUNDLE_EXECUTABLE_FOLDER_PATH)/TimeOnTask";
			};
			name = Debug;
		};
		29240CBD30324ECA001BDBCE /* Release */ = {
			isa = XCBuildConfiguration;
			buildSettings = {
				BUNDLE_LOADER = "$(TEST_HOST)";
				CODE_SIGN_STYLE = Automatic;
				CURRENT_PROJECT_VERSION = 1;
				DEVELOPMENT_TEAM = CM675CHYNF;
				GENERATE_INFOPLIST_FILE = YES;
				MACOSX_DEPLOYMENT_TARGET = 26.5;
				MARKETING_VERSION = 1.0;
				PRODUCT_BUNDLE_IDENTIFIER = pottsProjects.TimeOnTaskTests;
				PRODUCT_NAME = "$(TARGET_NAME)";
				STRING_CATALOG_GENERATE_SYMBOLS = NO;
				SWIFT_APPROACHABLE_CONCURRENCY = YES;
				SWIFT_EMIT_LOC_STRINGS = NO;
				SWIFT_UPCOMING_FEATURE_MEMBER_IMPORT_VISIBILITY = YES;
				SWIFT_VERSION = 5.0;
				TEST_HOST = "$(BUILT_PRODUCTS_DIR)/TimeOnTask.app/$(BUNDLE_EXECUTABLE_FOLDER_PATH)/TimeOnTask";
			};
			name = Release;
		};
		29240CBF30324ECA001BDBCE /* Debug */ = {
			isa = XCBuildConfiguration;
			buildSettings = {
				CODE_SIGN_STYLE = Automatic;
				CURRENT_PROJECT_VERSION = 1;
				DEVELOPMENT_TEAM = CM675CHYNF;
				GENERATE_INFOPLIST_FILE = YES;
				MARKETING_VERSION = 1.0;
				PRODUCT_BUNDLE_IDENTIFIER = pottsProjects.TimeOnTaskUITests;
				PRODUCT_NAME = "$(TARGET_NAME)";
				STRING_CATALOG_GENERATE_SYMBOLS = NO;
				SWIFT_APPROACHABLE_CONCURRENCY = YES;
				SWIFT_EMIT_LOC_STRINGS = NO;
				SWIFT_UPCOMING_FEATURE_MEMBER_IMPORT_VISIBILITY = YES;
				SWIFT_VERSION = 5.0;
				TEST_TARGET_NAME = TimeOnTask;
			};
			name = Debug;
		};
		29240CC030324ECA001BDBCE /* Release */ = {
			isa = XCBuildConfiguration;
			buildSettings = {
				CODE_SIGN_STYLE = Automatic;
				CURRENT_PROJECT_VERSION = 1;
				DEVELOPMENT_TEAM = CM675CHYNF;
				GENERATE_INFOPLIST_FILE = YES;
				MARKETING_VERSION = 1.0;
				PRODUCT_BUNDLE_IDENTIFIER = pottsProjects.TimeOnTaskUITests;
				PRODUCT_NAME = "$(TARGET_NAME)";
				STRING_CATALOG_GENERATE_SYMBOLS = NO;
				SWIFT_APPROACHABLE_CONCURRENCY = YES;
				SWIFT_EMIT_LOC_STRINGS = NO;
				SWIFT_UPCOMING_FEATURE_MEMBER_IMPORT_VISIBILITY = YES;
				SWIFT_VERSION = 5.0;
				TEST_TARGET_NAME = TimeOnTask;
			};
			name = Release;
		};
/* End XCBuildConfiguration section */

/* Begin XCConfigurationList section */
		29240C9030324EC8001BDBCE /* Build configuration list for PBXProject "TimeOnTask" */ = {
			isa = XCConfigurationList;
			buildConfigurations = (
				29240CB630324ECA001BDBCE /* Debug */,
				29240CB730324ECA001BDBCE /* Release */,
			);
			defaultConfigurationIsVisible = 0;
			defaultConfigurationName = Release;
		};
		29240CB830324ECA001BDBCE /* Build configuration list for PBXNativeTarget "TimeOnTask" */ = {
			isa = XCConfigurationList;
			buildConfigurations = (
				29240CB930324ECA001BDBCE /* Debug */,
				29240CBA30324ECA001BDBCE /* Release */,
			);
			defaultConfigurationIsVisible = 0;
			defaultConfigurationName = Release;
		};
		29240CBB30324ECA001BDBCE /* Build configuration list for PBXNativeTarget "TimeOnTaskTests" */ = {
			isa = XCConfigurationList;
			buildConfigurations = (
				29240CBC30324ECA001BDBCE /* Debug */,
				29240CBD30324ECA001BDBCE /* Release */,
			);
			defaultConfigurationIsVisible = 0;
			defaultConfigurationName = Release;
		};
		29240CBE30324ECA001BDBCE /* Build configuration list for PBXNativeTarget "TimeOnTaskUITests" */ = {
			isa = XCConfigurationList;
			buildConfigurations = (
				29240CBF30324ECA001BDBCE /* Debug */,
				29240CC030324ECA001BDBCE /* Release */,
			);
			defaultConfigurationIsVisible = 0;
			defaultConfigurationName = Release;
		};
/* End XCConfigurationList section */
	};
	rootObject = 29240C8D30324EC8001BDBCE /* Project object */;
}
